
Microsoft Visual Studio Solution File, Format Version 12.00
# Visual Studio 15
VisualStudioVersion = 15.0.28307.271
MinimumVisualStudioVersion = 10.0.40219.1
Project("{FAE04EC0-301F-11D3-BF4B-00C04F79EFBC}") = "bootnext", "bootnext\bootnext.csproj", "{D797AC93-21B1-45D9-AA94-F1B368034E9B}"
EndProject
Global
	GlobalSection(SolutionConfigurationPlatforms) = preSolution
		Debug|Any CPU = Debug|Any CPU
		Release|Any CPU = Release|Any CPU
	EndGlobalSection
	GlobalSection(ProjectConfigurationPlatforms) = postSolution
		{D797AC93-21B1-45D9-AA94-F1B368034E9B}.Debug|Any CPU.ActiveCfg = Debug|Any CPU
		{D797AC93-21B1-45D9-AA94-F1B368034E9B}.Debug|Any CPU.Build.0 = Debug|Any CPU
		{D797AC93-21B1-45D9-AA94-F1B368034E9B}.Release|Any CPU.ActiveCfg = Release|Any CPU
		{D797AC93-21B1-45D9-AA94-F1B368034E9B}.Release|Any CPU.Build.0 = Release|Any CPU
	EndGlobalSection
	GlobalSection(SolutionProperties) = preSolution
		HideSolutionNode = FALSE
	EndGlobalSection
	GlobalSection(ExtensibilityGlobals) = postSolution
		SolutionGuid = {9CF49F59-D97F-4FDD-ACED-EFA3A48E7FB9}
	EndGlobalSection
EndGlobal
